
Microsoft Visual Studio Solution File, Format Version 12.00
# Visual Studio Version 17
VisualStudioVersion = 17.8.34511.84
MinimumVisualStudioVersion = 10.0.40219.1
Project("{FAE04EC0-301F-11D3-BF4B-00C04F79EFBC}") = "BE-Day-2-esercizio", "BE-Day-2-esercizio\BE-Day-2-esercizio.csproj", "{A59199F4-EE3E-4A1D-AAE3-04B97180AD7D}"
EndProject
Global
	GlobalSection(SolutionConfigurationPlatforms) = preSolution
		Debug|Any CPU = Debug|Any CPU
		Release|Any CPU = Release|Any CPU
	EndGlobalSection
	GlobalSection(ProjectConfigurationPlatforms) = postSolution
		{A59199F4-EE3E-4A1D-AAE3-04B97180AD7D}.Debug|Any CPU.ActiveCfg = Debug|Any CPU
		{A59199F4-EE3E-4A1D-AAE3-04B97180AD7D}.Debug|Any CPU.Build.0 = Debug|Any CPU
		{A59199F4-EE3E-4A1D-AAE3-04B97180AD7D}.Release|Any CPU.ActiveCfg = Release|Any CPU
		{A59199F4-EE3E-4A1D-AAE3-04B97180AD7D}.Release|Any CPU.Build.0 = Release|Any CPU
	EndGlobalSection
	GlobalSection(SolutionProperties) = preSolution
		HideSolutionNode = FALSE
	EndGlobalSection
	GlobalSection(ExtensibilityGlobals) = postSolution
		SolutionGuid = {C1805BDF-8C2A-4542-A32C-FB545DD3A150}
	EndGlobalSection
EndGlobal
